
Microsoft Visual Studio Solution File, Format Version 12.00
# Visual Studio 15
VisualStudioVersion = 15.0.27130.2026
MinimumVisualStudioVersion = 10.0.40219.1
Project("{FAE04EC0-301F-11D3-BF4B-00C04F79EFBC}") = "FlightBook", "FlightBook\FlightBook.csproj", "{6E128740-2FDA-46B9-82CA-09E3441DFD86}"
EndProject
Global
	GlobalSection(SolutionConfigurationPlatforms) = preSolution
		Debug|Any CPU = Debug|Any CPU
		Release|Any CPU = Release|Any CPU
	EndGlobalSection
	GlobalSection(ProjectConfigurationPlatforms) = postSolution
		{6E128740-2FDA-46B9-82CA-09E3441DFD86}.Debug|Any CPU.ActiveCfg = Debug|Any CPU
		{6E128740-2FDA-46B9-82CA-09E3441DFD86}.Debug|Any CPU.Build.0 = Debug|Any CPU
		{6E128740-2FDA-46B9-82CA-09E3441DFD86}.Release|Any CPU.ActiveCfg = Release|Any CPU
		{6E128740-2FDA-46B9-82CA-09E3441DFD86}.Release|Any CPU.Build.0 = Release|Any CPU
	EndGlobalSection
	GlobalSection(SolutionProperties) = preSolution
		HideSolutionNode = FALSE
	EndGlobalSection
	GlobalSection(ExtensibilityGlobals) = postSolution
		SolutionGuid = {E16FC1E4-DA4B-482D-BEB2-95B5D4A36381}
	EndGlobalSection
EndGlobal
